
Microsoft Visual Studio Solution File, Format Version 12.00
# Visual Studio Version 17
VisualStudioVersion = 17.0.31912.275
MinimumVisualStudioVersion = 10.0.40219.1
Project("{9A19103F-16F7-4668-BE54-9A1E7A4F7556}") = "RayCraft", "RayCraft\RayCraft.csproj", "{1E721EC6-7FC9-4C17-9718-F1D9D7BDC6C0}"
EndProject
Project("{9A19103F-16F7-4668-BE54-9A1E7A4F7556}") = "RayCraft.Tests", "RayCraft.Tests\RayCraft.Tests.csproj", "{11D768D2-8C7F-4047-9C69-A4E9FE8D2BCD}"
EndProject
Project("{9A19103F-16F7-4668-BE54-9A1E7A4F7556}") = "RayCraft.Benchmarks", "RayCraft.Benchmarks\RayCraft.Benchmarks.csproj", "{A3BBAFAC-9DE1-4F96-8775-A0DF356A2414}"
EndProject
Project("{FAE04EC0-301F-11D3-BF4B-00C04F79EFBC}") = "RayCraft.Core", "RayCraft.Core\RayCraft.Core.csproj", "{667BB122-78A4-417F-89AC-05CC1A122D60}"
EndProject
Global
	GlobalSection(SolutionConfigurationPlatforms) = preSolution
		Debug|Any CPU = Debug|Any CPU
		Release|Any CPU = Release|Any CPU
	EndGlobalSection
	GlobalSection(ProjectConfigurationPlatforms) = postSolution
		{1E721EC6-7FC9-4C17-9718-F1D9D7BDC6C0}.Debug|Any CPU.ActiveCfg = Debug|Any CPU
		{1E721EC6-7FC9-4C17-9718-F1D9D7BDC6C0}.Debug|Any CPU.Build.0 = Debug|Any CPU
		{1E721EC6-7FC9-4C17-9718-F1D9D7BDC6C0}.Release|Any CPU.ActiveCfg = Release|Any CPU
		{1E721EC6-7FC9-4C17-9718-F1D9D7BDC6C0}.Release|Any CPU.Build.0 = Release|Any CPU
		{11D768D2-8C7F-4047-9C69-A4E9FE8D2BCD}.Debug|Any CPU.ActiveCfg = Debug|Any CPU
		{11D768D2-8C7F-4047-9C69-A4E9FE8D2BCD}.Debug|Any CPU.Build.0 = Debug|Any CPU
		{11D768D2-8C7F-4047-9C69-A4E9FE8D2BCD}.Release|Any CPU.ActiveCfg = Release|Any CPU
		{11D768D2-8C7F-4047-9C69-A4E9FE8D2BCD}.Release|Any CPU.Build.0 = Release|Any CPU
		{A3BBAFAC-9DE1-4F96-8775-A0DF356A2414}.Debug|Any CPU.ActiveCfg = Debug|Any CPU
		{A3BBAFAC-9DE1-4F96-8775-A0DF356A2414}.Debug|Any CPU.Build.0 = Debug|Any CPU
		{A3BBAFAC-9DE1-4F96-8775-A0DF356A2414}.Release|Any CPU.ActiveCfg = Release|Any CPU
		{A3BBAFAC-9DE1-4F96-8775-A0DF356A2414}.Release|Any CPU.Build.0 = Release|Any CPU
		{667BB122-78A4-417F-89AC-05CC1A122D60}.Debug|Any CPU.ActiveCfg = Debug|Any CPU
		{667BB122-78A4-417F-89AC-05CC1A122D60}.Debug|Any CPU.Build.0 = Debug|Any CPU
		{667BB122-78A4-417F-89AC-05CC1A122D60}.Release|Any CPU.ActiveCfg = Release|Any CPU
		{667BB122-78A4-417F-89AC-05CC1A122D60}.Release|Any CPU.Build.0 = Release|Any CPU
	EndGlobalSection
	GlobalSection(SolutionProperties) = preSolution
		HideSolutionNode = FALSE
	EndGlobalSection
	GlobalSection(ExtensibilityGlobals) = postSolution
		SolutionGuid = {CF3FFF4A-4CCF-4BB5-B4C0-404CA6F3305C}
	EndGlobalSection
EndGlobal
