
Microsoft Visual Studio Solution File, Format Version 12.00
# Visual Studio 15
VisualStudioVersion = 15.0.27703.2000
MinimumVisualStudioVersion = 10.0.40219.1
Project("{FAE04EC0-301F-11D3-BF4B-00C04F79EFBC}") = "RayCraft", "RayCraft\RayCraft.csproj", "{1E721EC6-7FC9-4C17-9718-F1D9D7BDC6C0}"
EndProject
Global
	GlobalSection(SolutionConfigurationPlatforms) = preSolution
		Debug|Any CPU = Debug|Any CPU
		Release|Any CPU = Release|Any CPU
	EndGlobalSection
	GlobalSection(ProjectConfigurationPlatforms) = postSolution
		{1E721EC6-7FC9-4C17-9718-F1D9D7BDC6C0}.Debug|Any CPU.ActiveCfg = Debug|Any CPU
		{1E721EC6-7FC9-4C17-9718-F1D9D7BDC6C0}.Debug|Any CPU.Build.0 = Debug|Any CPU
		{1E721EC6-7FC9-4C17-9718-F1D9D7BDC6C0}.Release|Any CPU.ActiveCfg = Release|Any CPU
		{1E721EC6-7FC9-4C17-9718-F1D9D7BDC6C0}.Release|Any CPU.Build.0 = Release|Any CPU
	EndGlobalSection
	GlobalSection(SolutionProperties) = preSolution
		HideSolutionNode = FALSE
	EndGlobalSection
	GlobalSection(ExtensibilityGlobals) = postSolution
		SolutionGuid = {CF3FFF4A-4CCF-4BB5-B4C0-404CA6F3305C}
	EndGlobalSection
EndGlobal
